
Microsoft Visual Studio Solution File, Format Version 12.00
# Visual Studio Version 17
VisualStudioVersion = 17.11.35222.181
MinimumVisualStudioVersion = 10.0.40219.1
Project("{9A19103F-16F7-4668-BE54-9A1E7A4F7556}") = "FileExplorerPro", "FileExplorerPro.csproj", "{2F4BBEA8-C261-4219-AB68-F31A0C627E4A}"
EndProject
Global
	GlobalSection(SolutionConfigurationPlatforms) = preSolution
		Debug|Any CPU = Debug|Any CPU
		Release|Any CPU = Release|Any CPU
	EndGlobalSection
	GlobalSection(ProjectConfigurationPlatforms) = postSolution
		{2F4BBEA8-C261-4219-AB68-F31A0C627E4A}.Debug|Any CPU.ActiveCfg = Debug|Any CPU
		{2F4BBEA8-C261-4219-AB68-F31A0C627E4A}.Debug|Any CPU.Build.0 = Debug|Any CPU
		{2F4BBEA8-C261-4219-AB68-F31A0C627E4A}.Release|Any CPU.ActiveCfg = Release|Any CPU
		{2F4BBEA8-C261-4219-AB68-F31A0C627E4A}.Release|Any CPU.Build.0 = Release|Any CPU
	EndGlobalSection
	GlobalSection(SolutionProperties) = preSolution
		HideSolutionNode = FALSE
	EndGlobalSection
	GlobalSection(ExtensibilityGlobals) = postSolution
		SolutionGuid = {DE61B7BF-F2CB-44D5-8FAA-86A87C5B4066}
	EndGlobalSection
EndGlobal
